// !$*UTF8*$!
{
	archiveVersion = 1;
	classes = {
	};
	objectVersion = 46;
	objects = {

/* Begin PBXBuildFile section */
		A6A430C51DF3021E00A4B2D4 /* AppDelegate.swift in Sources */ = {isa = PBXBuildFile; fileRef = A6A430C41DF3021E00A4B2D4 /* AppDelegate.swift */; };
		A6A430C71DF3021E00A4B2D4 /* ViewController.swift in Sources */ = {isa = PBXBuildFile; fileRef = A6A430C61DF3021E00A4B2D4 /* ViewController.swift */; };
		A6A430CA1DF3021E00A4B2D4 /* Main.storyboard in Resources */ = {isa = PBXBuildFile; fileRef = A6A430C81DF3021E00A4B2D4 /* Main.storyboard */; };
		A6A430CC1DF3021E00A4B2D4 /* Assets.xcassets in Resources */ = {isa = PBXBuildFile; fileRef = A6A430CB1DF3021E00A4B2D4 /* Assets.xcassets */; };
		A6A430CF1DF3021E00A4B2D4 /* LaunchScreen.storyboard in Resources */ = {isa = PBXBuildFile; fileRef = A6A430CD1DF3021E00A4B2D4 /* LaunchScreen.storyboard */; };
/* End PBXBuildFile section */

/* Begin PBXFileReference section */
		A6A430C11DF3021E00A4B2D4 /* 4GCD.app */ = {isa = PBXFileReference; explicitFileType = wrapper.application; includeInIndex = 0; path = 4GCD.app; sourceTree = BUILT_PRODUCTS_DIR; };
		A6A430C41DF3021E00A4B2D4 /* AppDelegate.swift */ = {isa = PBXFileReference; lastKnownFileType = sourcecode.swift; path = AppDelegate.swift; sourceTree = "<group>"; };
		A6A430C61DF3021E00A4B2D4 /* ViewController.swift */ = {isa = PBXFileReference; lastKnownFileType = sourcecode.swift; path = ViewController.swift; sourceTree = "<group>"; };
		A6A430C91DF3021E00A4B2D4 /* Base */ = {isa = PBXFileReference; lastKnownFileType = file.storyboard; name = Base; path = Base.lproj/Main.storyboard; sourceTree = "<group>"; };
		A6A430CB1DF3021E00A4B2D4 /* Assets.xcassets */ = {isa = PBXFileReference; lastKnownFileType = folder.assetcatalog; path = Assets.xcassets; sourceTree = "<group>"; };
		A6A430CE1DF3021E00A4B2D4 /* Base */ = {isa = PBXFileReference; lastKnownFileType = file.storyboard; name = Base; path = Base.lproj/LaunchScreen.storyboard; sourceTree = "<group>"; };
		A6A430D01DF3021E00A4B2D4 /* Info.plist */ = {isa = PBXFileReference; lastKnownFileType = text.plist.xml; path = Info.plist; sourceTree = "<group>"; };
/* End PBXFileReference section */

/* Begin PBXFrameworksBuildPhase section */
		A6A430BE1DF3021E00A4B2D4 /* Frameworks */ = {
			isa = PBXFrameworksBuildPhase;
			buildActionMask = 2147483647;
			files = (
			);
			runOnlyForDeploymentPostprocessing = 0;
		};
/* End PBXFrameworksBuildPhase section */

/* Begin PBXGroup section */
		A6A430B81DF3021E00A4B2D4 = {
			isa = PBXGroup;
			children = (
				A6A430C31DF3021E00A4B2D4 /* 4GCD */,
				A6A430C21DF3021E00A4B2D4 /* Products */,
			);
			sourceTree = "<group>";
		};
		A6A430C21DF3021E00A4B2D4 /* Products */ = {
			isa = PBXGroup;
			children = (
				A6A430C11DF3021E00A4B2D4 /* 4GCD.app */,
			);
			name = Products;
			sourceTree = "<group>";
		};
		A6A430C31DF3021E00A4B2D4 /* 4GCD */ = {
			isa = PBXGroup;
			children = (
				A6A430C41DF3021E00A4B2D4 /* AppDelegate.swift */,
				A6A430C61DF3021E00A4B2D4 /* ViewController.swift */,
				A6A430C81DF3021E00A4B2D4 /* Main.storyboard */,
				A6A430CB1DF3021E00A4B2D4 /* Assets.xcassets */,
				A6A430CD1DF3021E00A4B2D4 /* LaunchScreen.storyboard */,
				A6A430D01DF3021E00A4B2D4 /* Info.plist */,
			);
			path = 4GCD;
			sourceTree = "<group>";
		};
/* End PBXGroup section */

/* Begin PBXNativeTarget section */
		A6A430C01DF3021E00A4B2D4 /* 4GCD */ = {
			isa = PBXNativeTarget;
			buildConfigurationList = A6A430D31DF3021E00A4B2D4 /* Build configuration list for PBXNativeTarget "4GCD" */;
			buildPhases = (
				A6A430BD1DF3021E00A4B2D4 /* Sources */,
				A6A430BE1DF3021E00A4B2D4 /* Frameworks */,
				A6A430BF1DF3021E00A4B2D4 /* Resources */,
			);
			buildRules = (
			);
			dependencies = (
			);
			name = 4GCD;
			productName = 4GCD;
			productReference = A6A430C11DF3021E00A4B2D4 /* 4GCD.app */;
			productType = "com.apple.product-type.application";
		};
/* End PBXNativeTarget section */

/* Begin PBXProject section */
		A6A430B91DF3021E00A4B2D4 /* Project object */ = {
			isa = PBXProject;
			attributes = {
				LastSwiftUpdateCheck = 0810;
				LastUpgradeCheck = 0810;
				ORGANIZATIONNAME = "袁 峰";
				TargetAttributes = {
					A6A430C01DF3021E00A4B2D4 = {
						CreatedOnToolsVersion = 8.1;
						ProvisioningStyle = Automatic;
					};
				};
			};
			buildConfigurationList = A6A430BC1DF3021E00A4B2D4 /* Build configuration list for PBXProject "4GCD" */;
			compatibilityVersion = "Xcode 3.2";
			developmentRegion = English;
			hasScannedForEncodings = 0;
			knownRegions = (
				en,
				Base,
			);
			mainGroup = A6A430B81DF3021E00A4B2D4;
			productRefGroup = A6A430C21DF3021E00A4B2D4 /* Products */;
			projectDirPath = "";
			projectRoot = "";
			targets = (
				A6A430C01DF3021E00A4B2D4 /* 4GCD */,
			);
		};
/* End PBXProject section */

/* Begin PBXResourcesBuildPhase section */
		A6A430BF1DF3021E00A4B2D4 /* Resources */ = {
			isa = PBXResourcesBuildPhase;
			buildActionMask = 2147483647;
			files = (
				A6A430CF1DF3021E00A4B2D4 /* LaunchScreen.storyboard in Resources */,
				A6A430CC1DF3021E00A4B2D4 /* Assets.xcassets in Resources */,
				A6A430CA1DF3021E00A4B2D4 /* Main.storyboard in Resources */,
			);
			runOnlyForDeploymentPostprocessing = 0;
		};
/* End PBXResourcesBuildPhase section */

/* Begin PBXSourcesBuildPhase section */
		A6A430BD1DF3021E00A4B2D4 /* Sources */ = {
			isa = PBXSourcesBuildPhase;
			buildActionMask = 2147483647;
			files = (
				A6A430C71DF3021E00A4B2D4 /* ViewController.swift in Sources */,
				A6A430C51DF3021E00A4B2D4 /* AppDelegate.swift in Sources */,
			);
			runOnlyForDeploymentPostprocessing = 0;
		};
/* End PBXSourcesBuildPhase section */

/* Begin PBXVariantGroup section */
		A6A430C81DF3021E00A4B2D4 /* Main.storyboard */ = {
			isa = PBXVariantGroup;
			children = (
				A6A430C91DF3021E00A4B2D4 /* Base */,
			);
			name = Main.storyboard;
			sourceTree = "<group>";
		};
		A6A430CD1DF3021E00A4B2D4 /* LaunchScreen.storyboard */ = {
			isa = PBXVariantGroup;
			children = (
				A6A430CE1DF3021E00A4B2D4 /* Base */,
			);
			name = LaunchScreen.storyboard;
			sourceTree = "<group>";
		};
/* End PBXVariantGroup section */

/* Begin XCBuildConfiguration section */
		A6A430D11DF3021E00A4B2D4 /* Debug */ = {
			isa = XCBuildConfiguration;
			buildSettings = {
				ALWAYS_SEARCH_USER_PATHS = NO;
				CLANG_ANALYZER_NONNULL = YES;
				CLANG_CXX_LANGUAGE_STANDARD = "gnu++0x";
				CLANG_CXX_LIBRARY = "libc++";
				CLANG_ENABLE_MODULES = YES;
				CLANG_ENABLE_OBJC_ARC = YES;
				CLANG_WARN_BOOL_CONVERSION = YES;
				CLANG_WARN_CONSTANT_CONVERSION = YES;
				CLANG_WARN_DIRECT_OBJC_ISA_USAGE = YES_ERROR;
				CLANG_WARN_DOCUMENTATION_COMMENTS = YES;
				CLANG_WARN_EMPTY_BODY = YES;
				CLANG_WARN_ENUM_CONVERSION = YES;
				CLANG_WARN_INFINITE_RECURSION = YES;
				CLANG_WARN_INT_CONVERSION = YES;
				CLANG_WARN_OBJC_ROOT_CLASS = YES_ERROR;
				CLANG_WARN_SUSPICIOUS_MOVES = YES;
				CLANG_WARN_UNREACHABLE_CODE = YES;
				CLANG_WARN__DUPLICATE_METHOD_MATCH = YES;
				"CODE_SIGN_IDENTITY[sdk=iphoneos*]" = "iPhone Developer";
				COPY_PHASE_STRIP = NO;
				DEBUG_INFORMATION_FORMAT = dwarf;
				ENABLE_STRICT_OBJC_MSGSEND = YES;
				ENABLE_TESTABILITY = YES;
				GCC_C_LANGUAGE_STANDARD = gnu99;
				GCC_DYNAMIC_NO_PIC = NO;
				GCC_NO_COMMON_BLOCKS = YES;
				GCC_OPTIMIZATION_LEVEL = 0;
				GCC_PREPROCESSOR_DEFINITIONS = (
					"DEBUG=1",
					"$(inherited)",
				);
				GCC_WARN_64_TO_32_BIT_CONVERSION = YES;
				GCC_WARN_ABOUT_RETURN_TYPE = YES_ERROR;
				GCC_WARN_UNDECLARED_SELECTOR = YES;
				GCC_WARN_UNINITIALIZED_AUTOS = YES_AGGRESSIVE;
				GCC_WARN_UNUSED_FUNCTION = YES;
				GCC_WARN_UNUSED_VARIABLE = YES;
				IPHONEOS_DEPLOYMENT_TARGET = 10.1;
				MTL_ENABLE_DEBUG_INFO = YES;
				ONLY_ACTIVE_ARCH = YES;
				SDKROOT = iphoneos;
				SWIFT_ACTIVE_COMPILATION_CONDITIONS = DEBUG;
				SWIFT_OPTIMIZATION_LEVEL = "-Onone";
			};
			name = Debug;
		};
		A6A430D21DF3021E00A4B2D4 /* Release */ = {
			isa = XCBuildConfiguration;
			buildSettings = {
				ALWAYS_SEARCH_USER_PATHS = NO;
				CLANG_ANALYZER_NONNULL = YES;
				CLANG_CXX_LANGUAGE_STANDARD = "gnu++0x";
				CLANG_CXX_LIBRARY = "libc++";
				CLANG_ENABLE_MODULES = YES;
				CLANG_ENABLE_OBJC_ARC = YES;
				CLANG_WARN_BOOL_CONVERSION = YES;
				CLANG_WARN_CONSTANT_CONVERSION = YES;
				CLANG_WARN_DIRECT_OBJC_ISA_USAGE = YES_ERROR;
				CLANG_WARN_DOCUMENTATION_COMMENTS = YES;
				CLANG_WARN_EMPTY_BODY = YES;
				CLANG_WARN_ENUM_CONVERSION = YES;
				CLANG_WARN_INFINITE_RECURSION = YES;
				CLANG_WARN_INT_CONVERSION = YES;
				CLANG_WARN_OBJC_ROOT_CLASS = YES_ERROR;
				CLANG_WARN_SUSPICIOUS_MOVES = YES;
				CLANG_WARN_UNREACHABLE_CODE = YES;
				CLANG_WARN__DUPLICATE_METHOD_MATCH = YES;
				"CODE_SIGN_IDENTITY[sdk=iphoneos*]" = "iPhone Developer";
				COPY_PHASE_STRIP = NO;
				DEBUG_INFORMATION_FORMAT = "dwarf-with-dsym";
				ENABLE_NS_ASSERTIONS = NO;
				ENABLE_STRICT_OBJC_MSGSEND = YES;
				GCC_C_LANGUAGE_STANDARD = gnu99;
				GCC_NO_COMMON_BLOCKS = YES;
				GCC_WARN_64_TO_32_BIT_CONVERSION = YES;
				GCC_WARN_ABOUT_RETURN_TYPE = YES_ERROR;
				GCC_WARN_UNDECLARED_SELECTOR = YES;
				GCC_WARN_UNINITIALIZED_AUTOS = YES_AGGRESSIVE;
				GCC_WARN_UNUSED_FUNCTION = YES;
				GCC_WARN_UNUSED_VARIABLE = YES;
				IPHONEOS_DEPLOYMENT_TARGET = 10.1;
				MTL_ENABLE_DEBUG_INFO = NO;
				SDKROOT = iphoneos;
				SWIFT_OPTIMIZATION_LEVEL = "-Owholemodule";
				VALIDATE_PRODUCT = YES;
			};
			name = Release;
		};
		A6A430D41DF3021E00A4B2D4 /* Debug */ = {
			isa = XCBuildConfiguration;
			buildSettings = {
				ASSETCATALOG_COMPILER_APPICON_NAME = AppIcon;
				INFOPLIST_FILE = 4GCD/Info.plist;
				LD_RUNPATH_SEARCH_PATHS = "$(inherited) @executable_path/Frameworks";
				PRODUCT_BUNDLE_IDENTIFIER = "com.ityike.-GCD";
				PRODUCT_NAME = "$(TARGET_NAME)";
				SWIFT_VERSION = 3.0;
			};
			name = Debug;
		};
		A6A430D51DF3021E00A4B2D4 /* Release */ = {
			isa = XCBuildConfiguration;
			buildSettings = {
				ASSETCATALOG_COMPILER_APPICON_NAME = AppIcon;
				INFOPLIST_FILE = 4GCD/Info.plist;
				LD_RUNPATH_SEARCH_PATHS = "$(inherited) @executable_path/Frameworks";
				PRODUCT_BUNDLE_IDENTIFIER = "com.ityike.-GCD";
				PRODUCT_NAME = "$(TARGET_NAME)";
				SWIFT_VERSION = 3.0;
			};
			name = Release;
		};
/* End XCBuildConfiguration section */

/* Begin XCConfigurationList section */
		A6A430BC1DF3021E00A4B2D4 /* Build configuration list for PBXProject "4GCD" */ = {
			isa = XCConfigurationList;
			buildConfigurations = (
				A6A430D11DF3021E00A4B2D4 /* Debug */,
				A6A430D21DF3021E00A4B2D4 /* Release */,
			);
			defaultConfigurationIsVisible = 0;
			defaultConfigurationName = Release;
		};
		A6A430D31DF3021E00A4B2D4 /* Build configuration list for PBXNativeTarget "4GCD" */ = {
			isa = XCConfigurationList;
			buildConfigurations = (
				A6A430D41DF3021E00A4B2D4 /* Debug */,
				A6A430D51DF3021E00A4B2D4 /* Release */,
			);
			defaultConfigurationIsVisible = 0;
		};
/* End XCConfigurationList section */
	};
	rootObject = A6A430B91DF3021E00A4B2D4 /* Project object */;
}
