// !$*UTF8*$!
{
	archiveVersion = 1;
	classes = {
	};
	objectVersion = 46;
	objects = {

/* Begin PBXBuildFile section */
		A694096C1DF4425D00B1F2D2 /* AppDelegate.swift in Sources */ = {isa = PBXBuildFile; fileRef = A694096B1DF4425D00B1F2D2 /* AppDelegate.swift */; };
		A694096E1DF4425D00B1F2D2 /* ViewController.swift in Sources */ = {isa = PBXBuildFile; fileRef = A694096D1DF4425D00B1F2D2 /* ViewController.swift */; };
		A69409711DF4425D00B1F2D2 /* Main.storyboard in Resources */ = {isa = PBXBuildFile; fileRef = A694096F1DF4425D00B1F2D2 /* Main.storyboard */; };
		A69409731DF4425D00B1F2D2 /* Assets.xcassets in Resources */ = {isa = PBXBuildFile; fileRef = A69409721DF4425D00B1F2D2 /* Assets.xcassets */; };
		A69409761DF4425D00B1F2D2 /* LaunchScreen.storyboard in Resources */ = {isa = PBXBuildFile; fileRef = A69409741DF4425D00B1F2D2 /* LaunchScreen.storyboard */; };
/* End PBXBuildFile section */

/* Begin PBXFileReference section */
		A69409681DF4425D00B1F2D2 /* 循环引用.app */ = {isa = PBXFileReference; explicitFileType = wrapper.application; includeInIndex = 0; path = "循环引用.app"; sourceTree = BUILT_PRODUCTS_DIR; };
		A694096B1DF4425D00B1F2D2 /* AppDelegate.swift */ = {isa = PBXFileReference; lastKnownFileType = sourcecode.swift; path = AppDelegate.swift; sourceTree = "<group>"; };
		A694096D1DF4425D00B1F2D2 /* ViewController.swift */ = {isa = PBXFileReference; lastKnownFileType = sourcecode.swift; path = ViewController.swift; sourceTree = "<group>"; };
		A69409701DF4425D00B1F2D2 /* Base */ = {isa = PBXFileReference; lastKnownFileType = file.storyboard; name = Base; path = Base.lproj/Main.storyboard; sourceTree = "<group>"; };
		A69409721DF4425D00B1F2D2 /* Assets.xcassets */ = {isa = PBXFileReference; lastKnownFileType = folder.assetcatalog; path = Assets.xcassets; sourceTree = "<group>"; };
		A69409751DF4425D00B1F2D2 /* Base */ = {isa = PBXFileReference; lastKnownFileType = file.storyboard; name = Base; path = Base.lproj/LaunchScreen.storyboard; sourceTree = "<group>"; };
		A69409771DF4425D00B1F2D2 /* Info.plist */ = {isa = PBXFileReference; lastKnownFileType = text.plist.xml; path = Info.plist; sourceTree = "<group>"; };
/* End PBXFileReference section */

/* Begin PBXFrameworksBuildPhase section */
		A69409651DF4425C00B1F2D2 /* Frameworks */ = {
			isa = PBXFrameworksBuildPhase;
			buildActionMask = 2147483647;
			files = (
			);
			runOnlyForDeploymentPostprocessing = 0;
		};
/* End PBXFrameworksBuildPhase section */

/* Begin PBXGroup section */
		A694095F1DF4425C00B1F2D2 = {
			isa = PBXGroup;
			children = (
				A694096A1DF4425D00B1F2D2 /* 循环引用 */,
				A69409691DF4425D00B1F2D2 /* Products */,
			);
			sourceTree = "<group>";
		};
		A69409691DF4425D00B1F2D2 /* Products */ = {
			isa = PBXGroup;
			children = (
				A69409681DF4425D00B1F2D2 /* 循环引用.app */,
			);
			name = Products;
			sourceTree = "<group>";
		};
		A694096A1DF4425D00B1F2D2 /* 循环引用 */ = {
			isa = PBXGroup;
			children = (
				A694096B1DF4425D00B1F2D2 /* AppDelegate.swift */,
				A694096D1DF4425D00B1F2D2 /* ViewController.swift */,
				A694096F1DF4425D00B1F2D2 /* Main.storyboard */,
				A69409721DF4425D00B1F2D2 /* Assets.xcassets */,
				A69409741DF4425D00B1F2D2 /* LaunchScreen.storyboard */,
				A69409771DF4425D00B1F2D2 /* Info.plist */,
			);
			path = "循环引用";
			sourceTree = "<group>";
		};
/* End PBXGroup section */

/* Begin PBXNativeTarget section */
		A69409671DF4425C00B1F2D2 /* 循环引用 */ = {
			isa = PBXNativeTarget;
			buildConfigurationList = A694097A1DF4425D00B1F2D2 /* Build configuration list for PBXNativeTarget "循环引用" */;
			buildPhases = (
				A69409641DF4425C00B1F2D2 /* Sources */,
				A69409651DF4425C00B1F2D2 /* Frameworks */,
				A69409661DF4425C00B1F2D2 /* Resources */,
			);
			buildRules = (
			);
			dependencies = (
			);
			name = "循环引用";
			productName = "循环引用";
			productReference = A69409681DF4425D00B1F2D2 /* 循环引用.app */;
			productType = "com.apple.product-type.application";
		};
/* End PBXNativeTarget section */

/* Begin PBXProject section */
		A69409601DF4425C00B1F2D2 /* Project object */ = {
			isa = PBXProject;
			attributes = {
				LastSwiftUpdateCheck = 0810;
				LastUpgradeCheck = 0810;
				ORGANIZATIONNAME = "袁 峰";
				TargetAttributes = {
					A69409671DF4425C00B1F2D2 = {
						CreatedOnToolsVersion = 8.1;
						ProvisioningStyle = Automatic;
					};
				};
			};
			buildConfigurationList = A69409631DF4425C00B1F2D2 /* Build configuration list for PBXProject "循环引用" */;
			compatibilityVersion = "Xcode 3.2";
			developmentRegion = English;
			hasScannedForEncodings = 0;
			knownRegions = (
				en,
				Base,
			);
			mainGroup = A694095F1DF4425C00B1F2D2;
			productRefGroup = A69409691DF4425D00B1F2D2 /* Products */;
			projectDirPath = "";
			projectRoot = "";
			targets = (
				A69409671DF4425C00B1F2D2 /* 循环引用 */,
			);
		};
/* End PBXProject section */

/* Begin PBXResourcesBuildPhase section */
		A69409661DF4425C00B1F2D2 /* Resources */ = {
			isa = PBXResourcesBuildPhase;
			buildActionMask = 2147483647;
			files = (
				A69409761DF4425D00B1F2D2 /* LaunchScreen.storyboard in Resources */,
				A69409731DF4425D00B1F2D2 /* Assets.xcassets in Resources */,
				A69409711DF4425D00B1F2D2 /* Main.storyboard in Resources */,
			);
			runOnlyForDeploymentPostprocessing = 0;
		};
/* End PBXResourcesBuildPhase section */

/* Begin PBXSourcesBuildPhase section */
		A69409641DF4425C00B1F2D2 /* Sources */ = {
			isa = PBXSourcesBuildPhase;
			buildActionMask = 2147483647;
			files = (
				A694096E1DF4425D00B1F2D2 /* ViewController.swift in Sources */,
				A694096C1DF4425D00B1F2D2 /* AppDelegate.swift in Sources */,
			);
			runOnlyForDeploymentPostprocessing = 0;
		};
/* End PBXSourcesBuildPhase section */

/* Begin PBXVariantGroup section */
		A694096F1DF4425D00B1F2D2 /* Main.storyboard */ = {
			isa = PBXVariantGroup;
			children = (
				A69409701DF4425D00B1F2D2 /* Base */,
			);
			name = Main.storyboard;
			sourceTree = "<group>";
		};
		A69409741DF4425D00B1F2D2 /* LaunchScreen.storyboard */ = {
			isa = PBXVariantGroup;
			children = (
				A69409751DF4425D00B1F2D2 /* Base */,
			);
			name = LaunchScreen.storyboard;
			sourceTree = "<group>";
		};
/* End PBXVariantGroup section */

/* Begin XCBuildConfiguration section */
		A69409781DF4425D00B1F2D2 /* Debug */ = {
			isa = XCBuildConfiguration;
			buildSettings = {
				ALWAYS_SEARCH_USER_PATHS = NO;
				CLANG_ANALYZER_NONNULL = YES;
				CLANG_CXX_LANGUAGE_STANDARD = "gnu++0x";
				CLANG_CXX_LIBRARY = "libc++";
				CLANG_ENABLE_MODULES = YES;
				CLANG_ENABLE_OBJC_ARC = YES;
				CLANG_WARN_BOOL_CONVERSION = YES;
				CLANG_WARN_CONSTANT_CONVERSION = YES;
				CLANG_WARN_DIRECT_OBJC_ISA_USAGE = YES_ERROR;
				CLANG_WARN_DOCUMENTATION_COMMENTS = YES;
				CLANG_WARN_EMPTY_BODY = YES;
				CLANG_WARN_ENUM_CONVERSION = YES;
				CLANG_WARN_INFINITE_RECURSION = YES;
				CLANG_WARN_INT_CONVERSION = YES;
				CLANG_WARN_OBJC_ROOT_CLASS = YES_ERROR;
				CLANG_WARN_SUSPICIOUS_MOVES = YES;
				CLANG_WARN_UNREACHABLE_CODE = YES;
				CLANG_WARN__DUPLICATE_METHOD_MATCH = YES;
				"CODE_SIGN_IDENTITY[sdk=iphoneos*]" = "iPhone Developer";
				COPY_PHASE_STRIP = NO;
				DEBUG_INFORMATION_FORMAT = dwarf;
				ENABLE_STRICT_OBJC_MSGSEND = YES;
				ENABLE_TESTABILITY = YES;
				GCC_C_LANGUAGE_STANDARD = gnu99;
				GCC_DYNAMIC_NO_PIC = NO;
				GCC_NO_COMMON_BLOCKS = YES;
				GCC_OPTIMIZATION_LEVEL = 0;
				GCC_PREPROCESSOR_DEFINITIONS = (
					"DEBUG=1",
					"$(inherited)",
				);
				GCC_WARN_64_TO_32_BIT_CONVERSION = YES;
				GCC_WARN_ABOUT_RETURN_TYPE = YES_ERROR;
				GCC_WARN_UNDECLARED_SELECTOR = YES;
				GCC_WARN_UNINITIALIZED_AUTOS = YES_AGGRESSIVE;
				GCC_WARN_UNUSED_FUNCTION = YES;
				GCC_WARN_UNUSED_VARIABLE = YES;
				IPHONEOS_DEPLOYMENT_TARGET = 10.1;
				MTL_ENABLE_DEBUG_INFO = YES;
				ONLY_ACTIVE_ARCH = YES;
				SDKROOT = iphoneos;
				SWIFT_ACTIVE_COMPILATION_CONDITIONS = DEBUG;
				SWIFT_OPTIMIZATION_LEVEL = "-Onone";
			};
			name = Debug;
		};
		A69409791DF4425D00B1F2D2 /* Release */ = {
			isa = XCBuildConfiguration;
			buildSettings = {
				ALWAYS_SEARCH_USER_PATHS = NO;
				CLANG_ANALYZER_NONNULL = YES;
				CLANG_CXX_LANGUAGE_STANDARD = "gnu++0x";
				CLANG_CXX_LIBRARY = "libc++";
				CLANG_ENABLE_MODULES = YES;
				CLANG_ENABLE_OBJC_ARC = YES;
				CLANG_WARN_BOOL_CONVERSION = YES;
				CLANG_WARN_CONSTANT_CONVERSION = YES;
				CLANG_WARN_DIRECT_OBJC_ISA_USAGE = YES_ERROR;
				CLANG_WARN_DOCUMENTATION_COMMENTS = YES;
				CLANG_WARN_EMPTY_BODY = YES;
				CLANG_WARN_ENUM_CONVERSION = YES;
				CLANG_WARN_INFINITE_RECURSION = YES;
				CLANG_WARN_INT_CONVERSION = YES;
				CLANG_WARN_OBJC_ROOT_CLASS = YES_ERROR;
				CLANG_WARN_SUSPICIOUS_MOVES = YES;
				CLANG_WARN_UNREACHABLE_CODE = YES;
				CLANG_WARN__DUPLICATE_METHOD_MATCH = YES;
				"CODE_SIGN_IDENTITY[sdk=iphoneos*]" = "iPhone Developer";
				COPY_PHASE_STRIP = NO;
				DEBUG_INFORMATION_FORMAT = "dwarf-with-dsym";
				ENABLE_NS_ASSERTIONS = NO;
				ENABLE_STRICT_OBJC_MSGSEND = YES;
				GCC_C_LANGUAGE_STANDARD = gnu99;
				GCC_NO_COMMON_BLOCKS = YES;
				GCC_WARN_64_TO_32_BIT_CONVERSION = YES;
				GCC_WARN_ABOUT_RETURN_TYPE = YES_ERROR;
				GCC_WARN_UNDECLARED_SELECTOR = YES;
				GCC_WARN_UNINITIALIZED_AUTOS = YES_AGGRESSIVE;
				GCC_WARN_UNUSED_FUNCTION = YES;
				GCC_WARN_UNUSED_VARIABLE = YES;
				IPHONEOS_DEPLOYMENT_TARGET = 10.1;
				MTL_ENABLE_DEBUG_INFO = NO;
				SDKROOT = iphoneos;
				SWIFT_OPTIMIZATION_LEVEL = "-Owholemodule";
				VALIDATE_PRODUCT = YES;
			};
			name = Release;
		};
		A694097B1DF4425D00B1F2D2 /* Debug */ = {
			isa = XCBuildConfiguration;
			buildSettings = {
				ASSETCATALOG_COMPILER_APPICON_NAME = AppIcon;
				INFOPLIST_FILE = "循环引用/Info.plist";
				LD_RUNPATH_SEARCH_PATHS = "$(inherited) @executable_path/Frameworks";
				PRODUCT_BUNDLE_IDENTIFIER = "com.ityike.----";
				PRODUCT_NAME = "$(TARGET_NAME)";
				SWIFT_VERSION = 3.0;
			};
			name = Debug;
		};
		A694097C1DF4425D00B1F2D2 /* Release */ = {
			isa = XCBuildConfiguration;
			buildSettings = {
				ASSETCATALOG_COMPILER_APPICON_NAME = AppIcon;
				INFOPLIST_FILE = "循环引用/Info.plist";
				LD_RUNPATH_SEARCH_PATHS = "$(inherited) @executable_path/Frameworks";
				PRODUCT_BUNDLE_IDENTIFIER = "com.ityike.----";
				PRODUCT_NAME = "$(TARGET_NAME)";
				SWIFT_VERSION = 3.0;
			};
			name = Release;
		};
/* End XCBuildConfiguration section */

/* Begin XCConfigurationList section */
		A69409631DF4425C00B1F2D2 /* Build configuration list for PBXProject "循环引用" */ = {
			isa = XCConfigurationList;
			buildConfigurations = (
				A69409781DF4425D00B1F2D2 /* Debug */,
				A69409791DF4425D00B1F2D2 /* Release */,
			);
			defaultConfigurationIsVisible = 0;
			defaultConfigurationName = Release;
		};
		A694097A1DF4425D00B1F2D2 /* Build configuration list for PBXNativeTarget "循环引用" */ = {
			isa = XCConfigurationList;
			buildConfigurations = (
				A694097B1DF4425D00B1F2D2 /* Debug */,
				A694097C1DF4425D00B1F2D2 /* Release */,
			);
			defaultConfigurationIsVisible = 0;
		};
/* End XCConfigurationList section */
	};
	rootObject = A69409601DF4425C00B1F2D2 /* Project object */;
}
