// !$*UTF8*$!
{
	archiveVersion = 1;
	classes = {
	};
	objectVersion = 46;
	objects = {

/* Begin PBXBuildFile section */
		A63FAD181DBD788D00476DC8 /* AppDelegate.swift in Sources */ = {isa = PBXBuildFile; fileRef = A63FAD171DBD788D00476DC8 /* AppDelegate.swift */; };
		A63FAD1A1DBD788D00476DC8 /* ViewController.swift in Sources */ = {isa = PBXBuildFile; fileRef = A63FAD191DBD788D00476DC8 /* ViewController.swift */; };
		A63FAD1D1DBD788D00476DC8 /* Main.storyboard in Resources */ = {isa = PBXBuildFile; fileRef = A63FAD1B1DBD788D00476DC8 /* Main.storyboard */; };
		A63FAD1F1DBD788D00476DC8 /* Assets.xcassets in Resources */ = {isa = PBXBuildFile; fileRef = A63FAD1E1DBD788D00476DC8 /* Assets.xcassets */; };
		A63FAD221DBD788D00476DC8 /* LaunchScreen.storyboard in Resources */ = {isa = PBXBuildFile; fileRef = A63FAD201DBD788D00476DC8 /* LaunchScreen.storyboard */; };
		A63FAD2B1DBED00700476DC8 /* CalculatorBrain.swfit.swift in Sources */ = {isa = PBXBuildFile; fileRef = A63FAD2A1DBED00700476DC8 /* CalculatorBrain.swfit.swift */; };
/* End PBXBuildFile section */

/* Begin PBXFileReference section */
		A63FAD141DBD788D00476DC8 /* Calculator.app */ = {isa = PBXFileReference; explicitFileType = wrapper.application; includeInIndex = 0; path = Calculator.app; sourceTree = BUILT_PRODUCTS_DIR; };
		A63FAD171DBD788D00476DC8 /* AppDelegate.swift */ = {isa = PBXFileReference; lastKnownFileType = sourcecode.swift; path = AppDelegate.swift; sourceTree = "<group>"; };
		A63FAD191DBD788D00476DC8 /* ViewController.swift */ = {isa = PBXFileReference; lastKnownFileType = sourcecode.swift; path = ViewController.swift; sourceTree = "<group>"; };
		A63FAD1C1DBD788D00476DC8 /* Base */ = {isa = PBXFileReference; lastKnownFileType = file.storyboard; name = Base; path = Base.lproj/Main.storyboard; sourceTree = "<group>"; };
		A63FAD1E1DBD788D00476DC8 /* Assets.xcassets */ = {isa = PBXFileReference; lastKnownFileType = folder.assetcatalog; path = Assets.xcassets; sourceTree = "<group>"; };
		A63FAD211DBD788D00476DC8 /* Base */ = {isa = PBXFileReference; lastKnownFileType = file.storyboard; name = Base; path = Base.lproj/LaunchScreen.storyboard; sourceTree = "<group>"; };
		A63FAD231DBD788D00476DC8 /* Info.plist */ = {isa = PBXFileReference; lastKnownFileType = text.plist.xml; path = Info.plist; sourceTree = "<group>"; };
		A63FAD2A1DBED00700476DC8 /* CalculatorBrain.swfit.swift */ = {isa = PBXFileReference; fileEncoding = 4; lastKnownFileType = sourcecode.swift; path = CalculatorBrain.swfit.swift; sourceTree = "<group>"; };
/* End PBXFileReference section */

/* Begin PBXFrameworksBuildPhase section */
		A63FAD111DBD788D00476DC8 /* Frameworks */ = {
			isa = PBXFrameworksBuildPhase;
			buildActionMask = 2147483647;
			files = (
			);
			runOnlyForDeploymentPostprocessing = 0;
		};
/* End PBXFrameworksBuildPhase section */

/* Begin PBXGroup section */
		A63FAD0B1DBD788D00476DC8 = {
			isa = PBXGroup;
			children = (
				A63FAD161DBD788D00476DC8 /* Calculator */,
				A63FAD151DBD788D00476DC8 /* Products */,
			);
			sourceTree = "<group>";
		};
		A63FAD151DBD788D00476DC8 /* Products */ = {
			isa = PBXGroup;
			children = (
				A63FAD141DBD788D00476DC8 /* Calculator.app */,
			);
			name = Products;
			sourceTree = "<group>";
		};
		A63FAD161DBD788D00476DC8 /* Calculator */ = {
			isa = PBXGroup;
			children = (
				A63FAD291DBD789700476DC8 /* Supporting Files */,
				A63FAD191DBD788D00476DC8 /* ViewController.swift */,
				A63FAD1B1DBD788D00476DC8 /* Main.storyboard */,
				A63FAD2A1DBED00700476DC8 /* CalculatorBrain.swfit.swift */,
			);
			path = Calculator;
			sourceTree = "<group>";
		};
		A63FAD291DBD789700476DC8 /* Supporting Files */ = {
			isa = PBXGroup;
			children = (
				A63FAD171DBD788D00476DC8 /* AppDelegate.swift */,
				A63FAD1E1DBD788D00476DC8 /* Assets.xcassets */,
				A63FAD201DBD788D00476DC8 /* LaunchScreen.storyboard */,
				A63FAD231DBD788D00476DC8 /* Info.plist */,
			);
			name = "Supporting Files";
			sourceTree = "<group>";
		};
/* End PBXGroup section */

/* Begin PBXNativeTarget section */
		A63FAD131DBD788D00476DC8 /* Calculator */ = {
			isa = PBXNativeTarget;
			buildConfigurationList = A63FAD261DBD788D00476DC8 /* Build configuration list for PBXNativeTarget "Calculator" */;
			buildPhases = (
				A63FAD101DBD788D00476DC8 /* Sources */,
				A63FAD111DBD788D00476DC8 /* Frameworks */,
				A63FAD121DBD788D00476DC8 /* Resources */,
			);
			buildRules = (
			);
			dependencies = (
			);
			name = Calculator;
			productName = Calculator;
			productReference = A63FAD141DBD788D00476DC8 /* Calculator.app */;
			productType = "com.apple.product-type.application";
		};
/* End PBXNativeTarget section */

/* Begin PBXProject section */
		A63FAD0C1DBD788D00476DC8 /* Project object */ = {
			isa = PBXProject;
			attributes = {
				LastSwiftUpdateCheck = 0800;
				LastUpgradeCheck = 0800;
				ORGANIZATIONNAME = "袁 峰";
				TargetAttributes = {
					A63FAD131DBD788D00476DC8 = {
						CreatedOnToolsVersion = 8.0;
						ProvisioningStyle = Automatic;
					};
				};
			};
			buildConfigurationList = A63FAD0F1DBD788D00476DC8 /* Build configuration list for PBXProject "Calculator" */;
			compatibilityVersion = "Xcode 3.2";
			developmentRegion = English;
			hasScannedForEncodings = 0;
			knownRegions = (
				en,
				Base,
			);
			mainGroup = A63FAD0B1DBD788D00476DC8;
			productRefGroup = A63FAD151DBD788D00476DC8 /* Products */;
			projectDirPath = "";
			projectRoot = "";
			targets = (
				A63FAD131DBD788D00476DC8 /* Calculator */,
			);
		};
/* End PBXProject section */

/* Begin PBXResourcesBuildPhase section */
		A63FAD121DBD788D00476DC8 /* Resources */ = {
			isa = PBXResourcesBuildPhase;
			buildActionMask = 2147483647;
			files = (
				A63FAD221DBD788D00476DC8 /* LaunchScreen.storyboard in Resources */,
				A63FAD1F1DBD788D00476DC8 /* Assets.xcassets in Resources */,
				A63FAD1D1DBD788D00476DC8 /* Main.storyboard in Resources */,
			);
			runOnlyForDeploymentPostprocessing = 0;
		};
/* End PBXResourcesBuildPhase section */

/* Begin PBXSourcesBuildPhase section */
		A63FAD101DBD788D00476DC8 /* Sources */ = {
			isa = PBXSourcesBuildPhase;
			buildActionMask = 2147483647;
			files = (
				A63FAD2B1DBED00700476DC8 /* CalculatorBrain.swfit.swift in Sources */,
				A63FAD1A1DBD788D00476DC8 /* ViewController.swift in Sources */,
				A63FAD181DBD788D00476DC8 /* AppDelegate.swift in Sources */,
			);
			runOnlyForDeploymentPostprocessing = 0;
		};
/* End PBXSourcesBuildPhase section */

/* Begin PBXVariantGroup section */
		A63FAD1B1DBD788D00476DC8 /* Main.storyboard */ = {
			isa = PBXVariantGroup;
			children = (
				A63FAD1C1DBD788D00476DC8 /* Base */,
			);
			name = Main.storyboard;
			sourceTree = "<group>";
		};
		A63FAD201DBD788D00476DC8 /* LaunchScreen.storyboard */ = {
			isa = PBXVariantGroup;
			children = (
				A63FAD211DBD788D00476DC8 /* Base */,
			);
			name = LaunchScreen.storyboard;
			sourceTree = "<group>";
		};
/* End PBXVariantGroup section */

/* Begin XCBuildConfiguration section */
		A63FAD241DBD788D00476DC8 /* Debug */ = {
			isa = XCBuildConfiguration;
			buildSettings = {
				ALWAYS_SEARCH_USER_PATHS = NO;
				CLANG_ANALYZER_NONNULL = YES;
				CLANG_CXX_LANGUAGE_STANDARD = "gnu++0x";
				CLANG_CXX_LIBRARY = "libc++";
				CLANG_ENABLE_MODULES = YES;
				CLANG_ENABLE_OBJC_ARC = YES;
				CLANG_WARN_BOOL_CONVERSION = YES;
				CLANG_WARN_CONSTANT_CONVERSION = YES;
				CLANG_WARN_DIRECT_OBJC_ISA_USAGE = YES_ERROR;
				CLANG_WARN_DOCUMENTATION_COMMENTS = YES;
				CLANG_WARN_EMPTY_BODY = YES;
				CLANG_WARN_ENUM_CONVERSION = YES;
				CLANG_WARN_INFINITE_RECURSION = YES;
				CLANG_WARN_INT_CONVERSION = YES;
				CLANG_WARN_OBJC_ROOT_CLASS = YES_ERROR;
				CLANG_WARN_SUSPICIOUS_MOVES = YES;
				CLANG_WARN_UNREACHABLE_CODE = YES;
				CLANG_WARN__DUPLICATE_METHOD_MATCH = YES;
				"CODE_SIGN_IDENTITY[sdk=iphoneos*]" = "iPhone Developer";
				COPY_PHASE_STRIP = NO;
				DEBUG_INFORMATION_FORMAT = dwarf;
				ENABLE_STRICT_OBJC_MSGSEND = YES;
				ENABLE_TESTABILITY = YES;
				GCC_C_LANGUAGE_STANDARD = gnu99;
				GCC_DYNAMIC_NO_PIC = NO;
				GCC_NO_COMMON_BLOCKS = YES;
				GCC_OPTIMIZATION_LEVEL = 0;
				GCC_PREPROCESSOR_DEFINITIONS = (
					"DEBUG=1",
					"$(inherited)",
				);
				GCC_WARN_64_TO_32_BIT_CONVERSION = YES;
				GCC_WARN_ABOUT_RETURN_TYPE = YES_ERROR;
				GCC_WARN_UNDECLARED_SELECTOR = YES;
				GCC_WARN_UNINITIALIZED_AUTOS = YES_AGGRESSIVE;
				GCC_WARN_UNUSED_FUNCTION = YES;
				GCC_WARN_UNUSED_VARIABLE = YES;
				IPHONEOS_DEPLOYMENT_TARGET = 10.0;
				MTL_ENABLE_DEBUG_INFO = YES;
				ONLY_ACTIVE_ARCH = YES;
				SDKROOT = iphoneos;
				SWIFT_ACTIVE_COMPILATION_CONDITIONS = DEBUG;
				SWIFT_OPTIMIZATION_LEVEL = "-Onone";
				TARGETED_DEVICE_FAMILY = "1,2";
			};
			name = Debug;
		};
		A63FAD251DBD788D00476DC8 /* Release */ = {
			isa = XCBuildConfiguration;
			buildSettings = {
				ALWAYS_SEARCH_USER_PATHS = NO;
				CLANG_ANALYZER_NONNULL = YES;
				CLANG_CXX_LANGUAGE_STANDARD = "gnu++0x";
				CLANG_CXX_LIBRARY = "libc++";
				CLANG_ENABLE_MODULES = YES;
				CLANG_ENABLE_OBJC_ARC = YES;
				CLANG_WARN_BOOL_CONVERSION = YES;
				CLANG_WARN_CONSTANT_CONVERSION = YES;
				CLANG_WARN_DIRECT_OBJC_ISA_USAGE = YES_ERROR;
				CLANG_WARN_DOCUMENTATION_COMMENTS = YES;
				CLANG_WARN_EMPTY_BODY = YES;
				CLANG_WARN_ENUM_CONVERSION = YES;
				CLANG_WARN_INFINITE_RECURSION = YES;
				CLANG_WARN_INT_CONVERSION = YES;
				CLANG_WARN_OBJC_ROOT_CLASS = YES_ERROR;
				CLANG_WARN_SUSPICIOUS_MOVES = YES;
				CLANG_WARN_UNREACHABLE_CODE = YES;
				CLANG_WARN__DUPLICATE_METHOD_MATCH = YES;
				"CODE_SIGN_IDENTITY[sdk=iphoneos*]" = "iPhone Developer";
				COPY_PHASE_STRIP = NO;
				DEBUG_INFORMATION_FORMAT = "dwarf-with-dsym";
				ENABLE_NS_ASSERTIONS = NO;
				ENABLE_STRICT_OBJC_MSGSEND = YES;
				GCC_C_LANGUAGE_STANDARD = gnu99;
				GCC_NO_COMMON_BLOCKS = YES;
				GCC_WARN_64_TO_32_BIT_CONVERSION = YES;
				GCC_WARN_ABOUT_RETURN_TYPE = YES_ERROR;
				GCC_WARN_UNDECLARED_SELECTOR = YES;
				GCC_WARN_UNINITIALIZED_AUTOS = YES_AGGRESSIVE;
				GCC_WARN_UNUSED_FUNCTION = YES;
				GCC_WARN_UNUSED_VARIABLE = YES;
				IPHONEOS_DEPLOYMENT_TARGET = 10.0;
				MTL_ENABLE_DEBUG_INFO = NO;
				SDKROOT = iphoneos;
				SWIFT_OPTIMIZATION_LEVEL = "-Owholemodule";
				TARGETED_DEVICE_FAMILY = "1,2";
				VALIDATE_PRODUCT = YES;
			};
			name = Release;
		};
		A63FAD271DBD788D00476DC8 /* Debug */ = {
			isa = XCBuildConfiguration;
			buildSettings = {
				ASSETCATALOG_COMPILER_APPICON_NAME = AppIcon;
				INFOPLIST_FILE = Calculator/Info.plist;
				LD_RUNPATH_SEARCH_PATHS = "$(inherited) @executable_path/Frameworks";
				PRODUCT_BUNDLE_IDENTIFIER = dyike.com.ityike.Calculator;
				PRODUCT_NAME = "$(TARGET_NAME)";
				SWIFT_VERSION = 3.0;
			};
			name = Debug;
		};
		A63FAD281DBD788D00476DC8 /* Release */ = {
			isa = XCBuildConfiguration;
			buildSettings = {
				ASSETCATALOG_COMPILER_APPICON_NAME = AppIcon;
				INFOPLIST_FILE = Calculator/Info.plist;
				LD_RUNPATH_SEARCH_PATHS = "$(inherited) @executable_path/Frameworks";
				PRODUCT_BUNDLE_IDENTIFIER = dyike.com.ityike.Calculator;
				PRODUCT_NAME = "$(TARGET_NAME)";
				SWIFT_VERSION = 3.0;
			};
			name = Release;
		};
/* End XCBuildConfiguration section */

/* Begin XCConfigurationList section */
		A63FAD0F1DBD788D00476DC8 /* Build configuration list for PBXProject "Calculator" */ = {
			isa = XCConfigurationList;
			buildConfigurations = (
				A63FAD241DBD788D00476DC8 /* Debug */,
				A63FAD251DBD788D00476DC8 /* Release */,
			);
			defaultConfigurationIsVisible = 0;
			defaultConfigurationName = Release;
		};
		A63FAD261DBD788D00476DC8 /* Build configuration list for PBXNativeTarget "Calculator" */ = {
			isa = XCConfigurationList;
			buildConfigurations = (
				A63FAD271DBD788D00476DC8 /* Debug */,
				A63FAD281DBD788D00476DC8 /* Release */,
			);
			defaultConfigurationIsVisible = 0;
		};
/* End XCConfigurationList section */
	};
	rootObject = A63FAD0C1DBD788D00476DC8 /* Project object */;
}
