// !$*UTF8*$!
{
	archiveVersion = 1;
	classes = {
	};
	objectVersion = 46;
	objects = {

/* Begin PBXBuildFile section */
		A63886C11E5B2001009D82B9 /* CalculatorBrain.swift in Sources */ = {isa = PBXBuildFile; fileRef = A63886C01E5B2001009D82B9 /* CalculatorBrain.swift */; };
		A6CC7E9B1E533DD400DA5213 /* AppDelegate.swift in Sources */ = {isa = PBXBuildFile; fileRef = A6CC7E9A1E533DD400DA5213 /* AppDelegate.swift */; };
		A6CC7E9D1E533DD400DA5213 /* ViewController.swift in Sources */ = {isa = PBXBuildFile; fileRef = A6CC7E9C1E533DD400DA5213 /* ViewController.swift */; };
		A6CC7EA01E533DD400DA5213 /* Main.storyboard in Resources */ = {isa = PBXBuildFile; fileRef = A6CC7E9E1E533DD400DA5213 /* Main.storyboard */; };
		A6CC7EA21E533DD400DA5213 /* Assets.xcassets in Resources */ = {isa = PBXBuildFile; fileRef = A6CC7EA11E533DD400DA5213 /* Assets.xcassets */; };
		A6CC7EA51E533DD400DA5213 /* LaunchScreen.storyboard in Resources */ = {isa = PBXBuildFile; fileRef = A6CC7EA31E533DD400DA5213 /* LaunchScreen.storyboard */; };
/* End PBXBuildFile section */

/* Begin PBXFileReference section */
		A63886C01E5B2001009D82B9 /* CalculatorBrain.swift */ = {isa = PBXFileReference; fileEncoding = 4; lastKnownFileType = sourcecode.swift; path = CalculatorBrain.swift; sourceTree = "<group>"; };
		A6CC7E971E533DD300DA5213 /* Calculator.app */ = {isa = PBXFileReference; explicitFileType = wrapper.application; includeInIndex = 0; path = Calculator.app; sourceTree = BUILT_PRODUCTS_DIR; };
		A6CC7E9A1E533DD400DA5213 /* AppDelegate.swift */ = {isa = PBXFileReference; lastKnownFileType = sourcecode.swift; path = AppDelegate.swift; sourceTree = "<group>"; };
		A6CC7E9C1E533DD400DA5213 /* ViewController.swift */ = {isa = PBXFileReference; lastKnownFileType = sourcecode.swift; path = ViewController.swift; sourceTree = "<group>"; };
		A6CC7E9F1E533DD400DA5213 /* Base */ = {isa = PBXFileReference; lastKnownFileType = file.storyboard; name = Base; path = Base.lproj/Main.storyboard; sourceTree = "<group>"; };
		A6CC7EA11E533DD400DA5213 /* Assets.xcassets */ = {isa = PBXFileReference; lastKnownFileType = folder.assetcatalog; path = Assets.xcassets; sourceTree = "<group>"; };
		A6CC7EA41E533DD400DA5213 /* Base */ = {isa = PBXFileReference; lastKnownFileType = file.storyboard; name = Base; path = Base.lproj/LaunchScreen.storyboard; sourceTree = "<group>"; };
		A6CC7EA61E533DD400DA5213 /* Info.plist */ = {isa = PBXFileReference; lastKnownFileType = text.plist.xml; path = Info.plist; sourceTree = "<group>"; };
/* End PBXFileReference section */

/* Begin PBXFrameworksBuildPhase section */
		A6CC7E941E533DD300DA5213 /* Frameworks */ = {
			isa = PBXFrameworksBuildPhase;
			buildActionMask = 2147483647;
			files = (
			);
			runOnlyForDeploymentPostprocessing = 0;
		};
/* End PBXFrameworksBuildPhase section */

/* Begin PBXGroup section */
		A6CC7E8E1E533DD300DA5213 = {
			isa = PBXGroup;
			children = (
				A6CC7E991E533DD300DA5213 /* Calculator */,
				A6CC7E981E533DD300DA5213 /* Products */,
			);
			sourceTree = "<group>";
		};
		A6CC7E981E533DD300DA5213 /* Products */ = {
			isa = PBXGroup;
			children = (
				A6CC7E971E533DD300DA5213 /* Calculator.app */,
			);
			name = Products;
			sourceTree = "<group>";
		};
		A6CC7E991E533DD300DA5213 /* Calculator */ = {
			isa = PBXGroup;
			children = (
				A6CC7E9C1E533DD400DA5213 /* ViewController.swift */,
				A6CC7E9E1E533DD400DA5213 /* Main.storyboard */,
				A6CC7EAC1E533E7000DA5213 /* Supporting Files */,
				A63886C01E5B2001009D82B9 /* CalculatorBrain.swift */,
			);
			path = Calculator;
			sourceTree = "<group>";
		};
		A6CC7EAC1E533E7000DA5213 /* Supporting Files */ = {
			isa = PBXGroup;
			children = (
				A6CC7E9A1E533DD400DA5213 /* AppDelegate.swift */,
				A6CC7EA11E533DD400DA5213 /* Assets.xcassets */,
				A6CC7EA31E533DD400DA5213 /* LaunchScreen.storyboard */,
				A6CC7EA61E533DD400DA5213 /* Info.plist */,
			);
			name = "Supporting Files";
			sourceTree = "<group>";
		};
/* End PBXGroup section */

/* Begin PBXNativeTarget section */
		A6CC7E961E533DD300DA5213 /* Calculator */ = {
			isa = PBXNativeTarget;
			buildConfigurationList = A6CC7EA91E533DD400DA5213 /* Build configuration list for PBXNativeTarget "Calculator" */;
			buildPhases = (
				A6CC7E931E533DD300DA5213 /* Sources */,
				A6CC7E941E533DD300DA5213 /* Frameworks */,
				A6CC7E951E533DD300DA5213 /* Resources */,
			);
			buildRules = (
			);
			dependencies = (
			);
			name = Calculator;
			productName = Calculator;
			productReference = A6CC7E971E533DD300DA5213 /* Calculator.app */;
			productType = "com.apple.product-type.application";
		};
/* End PBXNativeTarget section */

/* Begin PBXProject section */
		A6CC7E8F1E533DD300DA5213 /* Project object */ = {
			isa = PBXProject;
			attributes = {
				LastSwiftUpdateCheck = 0820;
				LastUpgradeCheck = 0820;
				ORGANIZATIONNAME = "袁 峰";
				TargetAttributes = {
					A6CC7E961E533DD300DA5213 = {
						CreatedOnToolsVersion = 8.2.1;
						ProvisioningStyle = Automatic;
					};
				};
			};
			buildConfigurationList = A6CC7E921E533DD300DA5213 /* Build configuration list for PBXProject "Calculator" */;
			compatibilityVersion = "Xcode 3.2";
			developmentRegion = English;
			hasScannedForEncodings = 0;
			knownRegions = (
				en,
				Base,
			);
			mainGroup = A6CC7E8E1E533DD300DA5213;
			productRefGroup = A6CC7E981E533DD300DA5213 /* Products */;
			projectDirPath = "";
			projectRoot = "";
			targets = (
				A6CC7E961E533DD300DA5213 /* Calculator */,
			);
		};
/* End PBXProject section */

/* Begin PBXResourcesBuildPhase section */
		A6CC7E951E533DD300DA5213 /* Resources */ = {
			isa = PBXResourcesBuildPhase;
			buildActionMask = 2147483647;
			files = (
				A6CC7EA51E533DD400DA5213 /* LaunchScreen.storyboard in Resources */,
				A6CC7EA21E533DD400DA5213 /* Assets.xcassets in Resources */,
				A6CC7EA01E533DD400DA5213 /* Main.storyboard in Resources */,
			);
			runOnlyForDeploymentPostprocessing = 0;
		};
/* End PBXResourcesBuildPhase section */

/* Begin PBXSourcesBuildPhase section */
		A6CC7E931E533DD300DA5213 /* Sources */ = {
			isa = PBXSourcesBuildPhase;
			buildActionMask = 2147483647;
			files = (
				A63886C11E5B2001009D82B9 /* CalculatorBrain.swift in Sources */,
				A6CC7E9D1E533DD400DA5213 /* ViewController.swift in Sources */,
				A6CC7E9B1E533DD400DA5213 /* AppDelegate.swift in Sources */,
			);
			runOnlyForDeploymentPostprocessing = 0;
		};
/* End PBXSourcesBuildPhase section */

/* Begin PBXVariantGroup section */
		A6CC7E9E1E533DD400DA5213 /* Main.storyboard */ = {
			isa = PBXVariantGroup;
			children = (
				A6CC7E9F1E533DD400DA5213 /* Base */,
			);
			name = Main.storyboard;
			sourceTree = "<group>";
		};
		A6CC7EA31E533DD400DA5213 /* LaunchScreen.storyboard */ = {
			isa = PBXVariantGroup;
			children = (
				A6CC7EA41E533DD400DA5213 /* Base */,
			);
			name = LaunchScreen.storyboard;
			sourceTree = "<group>";
		};
/* End PBXVariantGroup section */

/* Begin XCBuildConfiguration section */
		A6CC7EA71E533DD400DA5213 /* Debug */ = {
			isa = XCBuildConfiguration;
			buildSettings = {
				ALWAYS_SEARCH_USER_PATHS = NO;
				CLANG_ANALYZER_NONNULL = YES;
				CLANG_CXX_LANGUAGE_STANDARD = "gnu++0x";
				CLANG_CXX_LIBRARY = "libc++";
				CLANG_ENABLE_MODULES = YES;
				CLANG_ENABLE_OBJC_ARC = YES;
				CLANG_WARN_BOOL_CONVERSION = YES;
				CLANG_WARN_CONSTANT_CONVERSION = YES;
				CLANG_WARN_DIRECT_OBJC_ISA_USAGE = YES_ERROR;
				CLANG_WARN_DOCUMENTATION_COMMENTS = YES;
				CLANG_WARN_EMPTY_BODY = YES;
				CLANG_WARN_ENUM_CONVERSION = YES;
				CLANG_WARN_INFINITE_RECURSION = YES;
				CLANG_WARN_INT_CONVERSION = YES;
				CLANG_WARN_OBJC_ROOT_CLASS = YES_ERROR;
				CLANG_WARN_SUSPICIOUS_MOVE = YES;
				CLANG_WARN_UNREACHABLE_CODE = YES;
				CLANG_WARN__DUPLICATE_METHOD_MATCH = YES;
				"CODE_SIGN_IDENTITY[sdk=iphoneos*]" = "iPhone Developer";
				COPY_PHASE_STRIP = NO;
				DEBUG_INFORMATION_FORMAT = dwarf;
				ENABLE_STRICT_OBJC_MSGSEND = YES;
				ENABLE_TESTABILITY = YES;
				GCC_C_LANGUAGE_STANDARD = gnu99;
				GCC_DYNAMIC_NO_PIC = NO;
				GCC_NO_COMMON_BLOCKS = YES;
				GCC_OPTIMIZATION_LEVEL = 0;
				GCC_PREPROCESSOR_DEFINITIONS = (
					"DEBUG=1",
					"$(inherited)",
				);
				GCC_WARN_64_TO_32_BIT_CONVERSION = YES;
				GCC_WARN_ABOUT_RETURN_TYPE = YES_ERROR;
				GCC_WARN_UNDECLARED_SELECTOR = YES;
				GCC_WARN_UNINITIALIZED_AUTOS = YES_AGGRESSIVE;
				GCC_WARN_UNUSED_FUNCTION = YES;
				GCC_WARN_UNUSED_VARIABLE = YES;
				IPHONEOS_DEPLOYMENT_TARGET = 10.2;
				MTL_ENABLE_DEBUG_INFO = YES;
				ONLY_ACTIVE_ARCH = YES;
				SDKROOT = iphoneos;
				SWIFT_ACTIVE_COMPILATION_CONDITIONS = DEBUG;
				SWIFT_OPTIMIZATION_LEVEL = "-Onone";
			};
			name = Debug;
		};
		A6CC7EA81E533DD400DA5213 /* Release */ = {
			isa = XCBuildConfiguration;
			buildSettings = {
				ALWAYS_SEARCH_USER_PATHS = NO;
				CLANG_ANALYZER_NONNULL = YES;
				CLANG_CXX_LANGUAGE_STANDARD = "gnu++0x";
				CLANG_CXX_LIBRARY = "libc++";
				CLANG_ENABLE_MODULES = YES;
				CLANG_ENABLE_OBJC_ARC = YES;
				CLANG_WARN_BOOL_CONVERSION = YES;
				CLANG_WARN_CONSTANT_CONVERSION = YES;
				CLANG_WARN_DIRECT_OBJC_ISA_USAGE = YES_ERROR;
				CLANG_WARN_DOCUMENTATION_COMMENTS = YES;
				CLANG_WARN_EMPTY_BODY = YES;
				CLANG_WARN_ENUM_CONVERSION = YES;
				CLANG_WARN_INFINITE_RECURSION = YES;
				CLANG_WARN_INT_CONVERSION = YES;
				CLANG_WARN_OBJC_ROOT_CLASS = YES_ERROR;
				CLANG_WARN_SUSPICIOUS_MOVE = YES;
				CLANG_WARN_UNREACHABLE_CODE = YES;
				CLANG_WARN__DUPLICATE_METHOD_MATCH = YES;
				"CODE_SIGN_IDENTITY[sdk=iphoneos*]" = "iPhone Developer";
				COPY_PHASE_STRIP = NO;
				DEBUG_INFORMATION_FORMAT = "dwarf-with-dsym";
				ENABLE_NS_ASSERTIONS = NO;
				ENABLE_STRICT_OBJC_MSGSEND = YES;
				GCC_C_LANGUAGE_STANDARD = gnu99;
				GCC_NO_COMMON_BLOCKS = YES;
				GCC_WARN_64_TO_32_BIT_CONVERSION = YES;
				GCC_WARN_ABOUT_RETURN_TYPE = YES_ERROR;
				GCC_WARN_UNDECLARED_SELECTOR = YES;
				GCC_WARN_UNINITIALIZED_AUTOS = YES_AGGRESSIVE;
				GCC_WARN_UNUSED_FUNCTION = YES;
				GCC_WARN_UNUSED_VARIABLE = YES;
				IPHONEOS_DEPLOYMENT_TARGET = 10.2;
				MTL_ENABLE_DEBUG_INFO = NO;
				SDKROOT = iphoneos;
				SWIFT_OPTIMIZATION_LEVEL = "-Owholemodule";
				VALIDATE_PRODUCT = YES;
			};
			name = Release;
		};
		A6CC7EAA1E533DD400DA5213 /* Debug */ = {
			isa = XCBuildConfiguration;
			buildSettings = {
				ASSETCATALOG_COMPILER_APPICON_NAME = AppIcon;
				INFOPLIST_FILE = Calculator/Info.plist;
				LD_RUNPATH_SEARCH_PATHS = "$(inherited) @executable_path/Frameworks";
				PRODUCT_BUNDLE_IDENTIFIER = com.ityike.Calculator;
				PRODUCT_NAME = "$(TARGET_NAME)";
				SWIFT_VERSION = 3.0;
			};
			name = Debug;
		};
		A6CC7EAB1E533DD400DA5213 /* Release */ = {
			isa = XCBuildConfiguration;
			buildSettings = {
				ASSETCATALOG_COMPILER_APPICON_NAME = AppIcon;
				INFOPLIST_FILE = Calculator/Info.plist;
				LD_RUNPATH_SEARCH_PATHS = "$(inherited) @executable_path/Frameworks";
				PRODUCT_BUNDLE_IDENTIFIER = com.ityike.Calculator;
				PRODUCT_NAME = "$(TARGET_NAME)";
				SWIFT_VERSION = 3.0;
			};
			name = Release;
		};
/* End XCBuildConfiguration section */

/* Begin XCConfigurationList section */
		A6CC7E921E533DD300DA5213 /* Build configuration list for PBXProject "Calculator" */ = {
			isa = XCConfigurationList;
			buildConfigurations = (
				A6CC7EA71E533DD400DA5213 /* Debug */,
				A6CC7EA81E533DD400DA5213 /* Release */,
			);
			defaultConfigurationIsVisible = 0;
			defaultConfigurationName = Release;
		};
		A6CC7EA91E533DD400DA5213 /* Build configuration list for PBXNativeTarget "Calculator" */ = {
			isa = XCConfigurationList;
			buildConfigurations = (
				A6CC7EAA1E533DD400DA5213 /* Debug */,
				A6CC7EAB1E533DD400DA5213 /* Release */,
			);
			defaultConfigurationIsVisible = 0;
			defaultConfigurationName = Release;
		};
/* End XCConfigurationList section */
	};
	rootObject = A6CC7E8F1E533DD300DA5213 /* Project object */;
}
