// !$*UTF8*$!
{
	archiveVersion = 1;
	classes = {
	};
	objectVersion = 46;
	objects = {

/* Begin PBXBuildFile section */
		A694098B1DF5968B00B1F2D2 /* main.m in Sources */ = {isa = PBXBuildFile; fileRef = A694098A1DF5968B00B1F2D2 /* main.m */; };
		A694098E1DF5968B00B1F2D2 /* AppDelegate.m in Sources */ = {isa = PBXBuildFile; fileRef = A694098D1DF5968B00B1F2D2 /* AppDelegate.m */; };
		A69409911DF5968B00B1F2D2 /* ViewController.m in Sources */ = {isa = PBXBuildFile; fileRef = A69409901DF5968B00B1F2D2 /* ViewController.m */; };
		A69409941DF5968B00B1F2D2 /* Main.storyboard in Resources */ = {isa = PBXBuildFile; fileRef = A69409921DF5968B00B1F2D2 /* Main.storyboard */; };
		A69409961DF5968B00B1F2D2 /* Assets.xcassets in Resources */ = {isa = PBXBuildFile; fileRef = A69409951DF5968B00B1F2D2 /* Assets.xcassets */; };
		A69409991DF5968B00B1F2D2 /* LaunchScreen.storyboard in Resources */ = {isa = PBXBuildFile; fileRef = A69409971DF5968B00B1F2D2 /* LaunchScreen.storyboard */; };
/* End PBXBuildFile section */

/* Begin PBXFileReference section */
		A69409861DF5968B00B1F2D2 /* lesson4.app */ = {isa = PBXFileReference; explicitFileType = wrapper.application; includeInIndex = 0; path = lesson4.app; sourceTree = BUILT_PRODUCTS_DIR; };
		A694098A1DF5968B00B1F2D2 /* main.m */ = {isa = PBXFileReference; lastKnownFileType = sourcecode.c.objc; path = main.m; sourceTree = "<group>"; };
		A694098C1DF5968B00B1F2D2 /* AppDelegate.h */ = {isa = PBXFileReference; lastKnownFileType = sourcecode.c.h; path = AppDelegate.h; sourceTree = "<group>"; };
		A694098D1DF5968B00B1F2D2 /* AppDelegate.m */ = {isa = PBXFileReference; lastKnownFileType = sourcecode.c.objc; path = AppDelegate.m; sourceTree = "<group>"; };
		A694098F1DF5968B00B1F2D2 /* ViewController.h */ = {isa = PBXFileReference; lastKnownFileType = sourcecode.c.h; path = ViewController.h; sourceTree = "<group>"; };
		A69409901DF5968B00B1F2D2 /* ViewController.m */ = {isa = PBXFileReference; lastKnownFileType = sourcecode.c.objc; path = ViewController.m; sourceTree = "<group>"; };
		A69409931DF5968B00B1F2D2 /* Base */ = {isa = PBXFileReference; lastKnownFileType = file.storyboard; name = Base; path = Base.lproj/Main.storyboard; sourceTree = "<group>"; };
		A69409951DF5968B00B1F2D2 /* Assets.xcassets */ = {isa = PBXFileReference; lastKnownFileType = folder.assetcatalog; path = Assets.xcassets; sourceTree = "<group>"; };
		A69409981DF5968B00B1F2D2 /* Base */ = {isa = PBXFileReference; lastKnownFileType = file.storyboard; name = Base; path = Base.lproj/LaunchScreen.storyboard; sourceTree = "<group>"; };
		A694099A1DF5968B00B1F2D2 /* Info.plist */ = {isa = PBXFileReference; lastKnownFileType = text.plist.xml; path = Info.plist; sourceTree = "<group>"; };
/* End PBXFileReference section */

/* Begin PBXFrameworksBuildPhase section */
		A69409831DF5968B00B1F2D2 /* Frameworks */ = {
			isa = PBXFrameworksBuildPhase;
			buildActionMask = 2147483647;
			files = (
			);
			runOnlyForDeploymentPostprocessing = 0;
		};
/* End PBXFrameworksBuildPhase section */

/* Begin PBXGroup section */
		A694097D1DF5968B00B1F2D2 = {
			isa = PBXGroup;
			children = (
				A69409881DF5968B00B1F2D2 /* lesson4 */,
				A69409871DF5968B00B1F2D2 /* Products */,
			);
			sourceTree = "<group>";
		};
		A69409871DF5968B00B1F2D2 /* Products */ = {
			isa = PBXGroup;
			children = (
				A69409861DF5968B00B1F2D2 /* lesson4.app */,
			);
			name = Products;
			sourceTree = "<group>";
		};
		A69409881DF5968B00B1F2D2 /* lesson4 */ = {
			isa = PBXGroup;
			children = (
				A694098C1DF5968B00B1F2D2 /* AppDelegate.h */,
				A694098D1DF5968B00B1F2D2 /* AppDelegate.m */,
				A694098F1DF5968B00B1F2D2 /* ViewController.h */,
				A69409901DF5968B00B1F2D2 /* ViewController.m */,
				A69409921DF5968B00B1F2D2 /* Main.storyboard */,
				A69409951DF5968B00B1F2D2 /* Assets.xcassets */,
				A69409971DF5968B00B1F2D2 /* LaunchScreen.storyboard */,
				A694099A1DF5968B00B1F2D2 /* Info.plist */,
				A69409891DF5968B00B1F2D2 /* Supporting Files */,
			);
			path = lesson4;
			sourceTree = "<group>";
		};
		A69409891DF5968B00B1F2D2 /* Supporting Files */ = {
			isa = PBXGroup;
			children = (
				A694098A1DF5968B00B1F2D2 /* main.m */,
			);
			name = "Supporting Files";
			sourceTree = "<group>";
		};
/* End PBXGroup section */

/* Begin PBXNativeTarget section */
		A69409851DF5968B00B1F2D2 /* lesson4 */ = {
			isa = PBXNativeTarget;
			buildConfigurationList = A694099D1DF5968B00B1F2D2 /* Build configuration list for PBXNativeTarget "lesson4" */;
			buildPhases = (
				A69409821DF5968B00B1F2D2 /* Sources */,
				A69409831DF5968B00B1F2D2 /* Frameworks */,
				A69409841DF5968B00B1F2D2 /* Resources */,
			);
			buildRules = (
			);
			dependencies = (
			);
			name = lesson4;
			productName = lesson4;
			productReference = A69409861DF5968B00B1F2D2 /* lesson4.app */;
			productType = "com.apple.product-type.application";
		};
/* End PBXNativeTarget section */

/* Begin PBXProject section */
		A694097E1DF5968B00B1F2D2 /* Project object */ = {
			isa = PBXProject;
			attributes = {
				LastUpgradeCheck = 0810;
				ORGANIZATIONNAME = "袁 峰";
				TargetAttributes = {
					A69409851DF5968B00B1F2D2 = {
						CreatedOnToolsVersion = 8.1;
						ProvisioningStyle = Automatic;
					};
				};
			};
			buildConfigurationList = A69409811DF5968B00B1F2D2 /* Build configuration list for PBXProject "lesson4" */;
			compatibilityVersion = "Xcode 3.2";
			developmentRegion = English;
			hasScannedForEncodings = 0;
			knownRegions = (
				en,
				Base,
			);
			mainGroup = A694097D1DF5968B00B1F2D2;
			productRefGroup = A69409871DF5968B00B1F2D2 /* Products */;
			projectDirPath = "";
			projectRoot = "";
			targets = (
				A69409851DF5968B00B1F2D2 /* lesson4 */,
			);
		};
/* End PBXProject section */

/* Begin PBXResourcesBuildPhase section */
		A69409841DF5968B00B1F2D2 /* Resources */ = {
			isa = PBXResourcesBuildPhase;
			buildActionMask = 2147483647;
			files = (
				A69409991DF5968B00B1F2D2 /* LaunchScreen.storyboard in Resources */,
				A69409961DF5968B00B1F2D2 /* Assets.xcassets in Resources */,
				A69409941DF5968B00B1F2D2 /* Main.storyboard in Resources */,
			);
			runOnlyForDeploymentPostprocessing = 0;
		};
/* End PBXResourcesBuildPhase section */

/* Begin PBXSourcesBuildPhase section */
		A69409821DF5968B00B1F2D2 /* Sources */ = {
			isa = PBXSourcesBuildPhase;
			buildActionMask = 2147483647;
			files = (
				A69409911DF5968B00B1F2D2 /* ViewController.m in Sources */,
				A694098E1DF5968B00B1F2D2 /* AppDelegate.m in Sources */,
				A694098B1DF5968B00B1F2D2 /* main.m in Sources */,
			);
			runOnlyForDeploymentPostprocessing = 0;
		};
/* End PBXSourcesBuildPhase section */

/* Begin PBXVariantGroup section */
		A69409921DF5968B00B1F2D2 /* Main.storyboard */ = {
			isa = PBXVariantGroup;
			children = (
				A69409931DF5968B00B1F2D2 /* Base */,
			);
			name = Main.storyboard;
			sourceTree = "<group>";
		};
		A69409971DF5968B00B1F2D2 /* LaunchScreen.storyboard */ = {
			isa = PBXVariantGroup;
			children = (
				A69409981DF5968B00B1F2D2 /* Base */,
			);
			name = LaunchScreen.storyboard;
			sourceTree = "<group>";
		};
/* End PBXVariantGroup section */

/* Begin XCBuildConfiguration section */
		A694099B1DF5968B00B1F2D2 /* Debug */ = {
			isa = XCBuildConfiguration;
			buildSettings = {
				ALWAYS_SEARCH_USER_PATHS = NO;
				CLANG_ANALYZER_NONNULL = YES;
				CLANG_CXX_LANGUAGE_STANDARD = "gnu++0x";
				CLANG_CXX_LIBRARY = "libc++";
				CLANG_ENABLE_MODULES = YES;
				CLANG_ENABLE_OBJC_ARC = YES;
				CLANG_WARN_BOOL_CONVERSION = YES;
				CLANG_WARN_CONSTANT_CONVERSION = YES;
				CLANG_WARN_DIRECT_OBJC_ISA_USAGE = YES_ERROR;
				CLANG_WARN_DOCUMENTATION_COMMENTS = YES;
				CLANG_WARN_EMPTY_BODY = YES;
				CLANG_WARN_ENUM_CONVERSION = YES;
				CLANG_WARN_INFINITE_RECURSION = YES;
				CLANG_WARN_INT_CONVERSION = YES;
				CLANG_WARN_OBJC_ROOT_CLASS = YES_ERROR;
				CLANG_WARN_SUSPICIOUS_MOVES = YES;
				CLANG_WARN_UNREACHABLE_CODE = YES;
				CLANG_WARN__DUPLICATE_METHOD_MATCH = YES;
				"CODE_SIGN_IDENTITY[sdk=iphoneos*]" = "iPhone Developer";
				COPY_PHASE_STRIP = NO;
				DEBUG_INFORMATION_FORMAT = dwarf;
				ENABLE_STRICT_OBJC_MSGSEND = YES;
				ENABLE_TESTABILITY = YES;
				GCC_C_LANGUAGE_STANDARD = gnu99;
				GCC_DYNAMIC_NO_PIC = NO;
				GCC_NO_COMMON_BLOCKS = YES;
				GCC_OPTIMIZATION_LEVEL = 0;
				GCC_PREPROCESSOR_DEFINITIONS = (
					"DEBUG=1",
					"$(inherited)",
				);
				GCC_WARN_64_TO_32_BIT_CONVERSION = YES;
				GCC_WARN_ABOUT_RETURN_TYPE = YES_ERROR;
				GCC_WARN_UNDECLARED_SELECTOR = YES;
				GCC_WARN_UNINITIALIZED_AUTOS = YES_AGGRESSIVE;
				GCC_WARN_UNUSED_FUNCTION = YES;
				GCC_WARN_UNUSED_VARIABLE = YES;
				IPHONEOS_DEPLOYMENT_TARGET = 10.1;
				MTL_ENABLE_DEBUG_INFO = YES;
				ONLY_ACTIVE_ARCH = YES;
				SDKROOT = iphoneos;
			};
			name = Debug;
		};
		A694099C1DF5968B00B1F2D2 /* Release */ = {
			isa = XCBuildConfiguration;
			buildSettings = {
				ALWAYS_SEARCH_USER_PATHS = NO;
				CLANG_ANALYZER_NONNULL = YES;
				CLANG_CXX_LANGUAGE_STANDARD = "gnu++0x";
				CLANG_CXX_LIBRARY = "libc++";
				CLANG_ENABLE_MODULES = YES;
				CLANG_ENABLE_OBJC_ARC = YES;
				CLANG_WARN_BOOL_CONVERSION = YES;
				CLANG_WARN_CONSTANT_CONVERSION = YES;
				CLANG_WARN_DIRECT_OBJC_ISA_USAGE = YES_ERROR;
				CLANG_WARN_DOCUMENTATION_COMMENTS = YES;
				CLANG_WARN_EMPTY_BODY = YES;
				CLANG_WARN_ENUM_CONVERSION = YES;
				CLANG_WARN_INFINITE_RECURSION = YES;
				CLANG_WARN_INT_CONVERSION = YES;
				CLANG_WARN_OBJC_ROOT_CLASS = YES_ERROR;
				CLANG_WARN_SUSPICIOUS_MOVES = YES;
				CLANG_WARN_UNREACHABLE_CODE = YES;
				CLANG_WARN__DUPLICATE_METHOD_MATCH = YES;
				"CODE_SIGN_IDENTITY[sdk=iphoneos*]" = "iPhone Developer";
				COPY_PHASE_STRIP = NO;
				DEBUG_INFORMATION_FORMAT = "dwarf-with-dsym";
				ENABLE_NS_ASSERTIONS = NO;
				ENABLE_STRICT_OBJC_MSGSEND = YES;
				GCC_C_LANGUAGE_STANDARD = gnu99;
				GCC_NO_COMMON_BLOCKS = YES;
				GCC_WARN_64_TO_32_BIT_CONVERSION = YES;
				GCC_WARN_ABOUT_RETURN_TYPE = YES_ERROR;
				GCC_WARN_UNDECLARED_SELECTOR = YES;
				GCC_WARN_UNINITIALIZED_AUTOS = YES_AGGRESSIVE;
				GCC_WARN_UNUSED_FUNCTION = YES;
				GCC_WARN_UNUSED_VARIABLE = YES;
				IPHONEOS_DEPLOYMENT_TARGET = 10.1;
				MTL_ENABLE_DEBUG_INFO = NO;
				SDKROOT = iphoneos;
				VALIDATE_PRODUCT = YES;
			};
			name = Release;
		};
		A694099E1DF5968B00B1F2D2 /* Debug */ = {
			isa = XCBuildConfiguration;
			buildSettings = {
				ASSETCATALOG_COMPILER_APPICON_NAME = AppIcon;
				INFOPLIST_FILE = lesson4/Info.plist;
				LD_RUNPATH_SEARCH_PATHS = "$(inherited) @executable_path/Frameworks";
				PRODUCT_BUNDLE_IDENTIFIER = com.ityike.lesson4;
				PRODUCT_NAME = "$(TARGET_NAME)";
			};
			name = Debug;
		};
		A694099F1DF5968B00B1F2D2 /* Release */ = {
			isa = XCBuildConfiguration;
			buildSettings = {
				ASSETCATALOG_COMPILER_APPICON_NAME = AppIcon;
				INFOPLIST_FILE = lesson4/Info.plist;
				LD_RUNPATH_SEARCH_PATHS = "$(inherited) @executable_path/Frameworks";
				PRODUCT_BUNDLE_IDENTIFIER = com.ityike.lesson4;
				PRODUCT_NAME = "$(TARGET_NAME)";
			};
			name = Release;
		};
/* End XCBuildConfiguration section */

/* Begin XCConfigurationList section */
		A69409811DF5968B00B1F2D2 /* Build configuration list for PBXProject "lesson4" */ = {
			isa = XCConfigurationList;
			buildConfigurations = (
				A694099B1DF5968B00B1F2D2 /* Debug */,
				A694099C1DF5968B00B1F2D2 /* Release */,
			);
			defaultConfigurationIsVisible = 0;
			defaultConfigurationName = Release;
		};
		A694099D1DF5968B00B1F2D2 /* Build configuration list for PBXNativeTarget "lesson4" */ = {
			isa = XCConfigurationList;
			buildConfigurations = (
				A694099E1DF5968B00B1F2D2 /* Debug */,
				A694099F1DF5968B00B1F2D2 /* Release */,
			);
			defaultConfigurationIsVisible = 0;
		};
/* End XCConfigurationList section */
	};
	rootObject = A694097E1DF5968B00B1F2D2 /* Project object */;
}
